
Microsoft Visual Studio Solution File, Format Version 12.00
# Visual Studio Version 17
VisualStudioVersion = 17.10.35122.118
MinimumVisualStudioVersion = 10.0.40219.1
Project("{FAE04EC0-301F-11D3-BF4B-00C04F79EFBC}") = "F1's Weather Forecast", "F1's Weather Forecast.csproj", "{BB43D964-0763-49DB-BDD5-51E7242ABDEC}"
EndProject
Global
	GlobalSection(SolutionConfigurationPlatforms) = preSolution
		Debug|Any CPU = Debug|Any CPU
		Release|Any CPU = Release|Any CPU
	EndGlobalSection
	GlobalSection(ProjectConfigurationPlatforms) = postSolution
		{BB43D964-0763-49DB-BDD5-51E7242ABDEC}.Debug|Any CPU.ActiveCfg = Debug|Any CPU
		{BB43D964-0763-49DB-BDD5-51E7242ABDEC}.Debug|Any CPU.Build.0 = Debug|Any CPU
		{BB43D964-0763-49DB-BDD5-51E7242ABDEC}.Release|Any CPU.ActiveCfg = Release|Any CPU
		{BB43D964-0763-49DB-BDD5-51E7242ABDEC}.Release|Any CPU.Build.0 = Release|Any CPU
	EndGlobalSection
	GlobalSection(SolutionProperties) = preSolution
		HideSolutionNode = FALSE
	EndGlobalSection
	GlobalSection(ExtensibilityGlobals) = postSolution
		SolutionGuid = {D62FAE61-A466-4216-90DD-C20B8EFDBB52}
	EndGlobalSection
EndGlobal
